
Microsoft Visual Studio Solution File, Format Version 12.00
Project("{FAE04EC0-301F-11D3-BF4B-00C04F79EFBC}") = "ApiGestores", "ApiGestores.csproj", "{13395EDE-2B99-4542-A13C-A87F0BC3157D}"
EndProject
Global
	GlobalSection(SolutionConfigurationPlatforms) = preSolution
		Debug|Any CPU = Debug|Any CPU
		Release|Any CPU = Release|Any CPU
	EndGlobalSection
	GlobalSection(ProjectConfigurationPlatforms) = postSolution
		{13395EDE-2B99-4542-A13C-A87F0BC3157D}.Debug|Any CPU.ActiveCfg = Debug|Any CPU
		{13395EDE-2B99-4542-A13C-A87F0BC3157D}.Debug|Any CPU.Build.0 = Debug|Any CPU
		{13395EDE-2B99-4542-A13C-A87F0BC3157D}.Release|Any CPU.ActiveCfg = Release|Any CPU
		{13395EDE-2B99-4542-A13C-A87F0BC3157D}.Release|Any CPU.Build.0 = Release|Any CPU
	EndGlobalSection
EndGlobal
